// !$*UTF8*$!
{
	archiveVersion = 1;
	classes = {
	};
	objectVersion = 46;
	objects = {

/* Begin PBXBuildFile section */
		1D3C7ED71D77262D0078EBDB /* AppDelegate.swift in Sources */ = {isa = PBXBuildFile; fileRef = 1D3C7ED61D77262D0078EBDB /* AppDelegate.swift */; };
		1D3C7ED91D77262D0078EBDB /* ViewController.swift in Sources */ = {isa = PBXBuildFile; fileRef = 1D3C7ED81D77262D0078EBDB /* ViewController.swift */; };
		1D3C7EDC1D77262D0078EBDB /* Main.storyboard in Resources */ = {isa = PBXBuildFile; fileRef = 1D3C7EDA1D77262D0078EBDB /* Main.storyboard */; };
		1D3C7EDE1D77262D0078EBDB /* Assets.xcassets in Resources */ = {isa = PBXBuildFile; fileRef = 1D3C7EDD1D77262D0078EBDB /* Assets.xcassets */; };
		1D3C7EE11D77262D0078EBDB /* LaunchScreen.storyboard in Resources */ = {isa = PBXBuildFile; fileRef = 1D3C7EDF1D77262D0078EBDB /* LaunchScreen.storyboard */; };
		1DE354721D7770BF0090D559 /* FoursquareManager.swift in Sources */ = {isa = PBXBuildFile; fileRef = 1DE354711D7770BF0090D559 /* FoursquareManager.swift */; };
		1DE354751D777FA40090D559 /* Venue.swift in Sources */ = {isa = PBXBuildFile; fileRef = 1DE354741D777FA40090D559 /* Venue.swift */; };
		1DE354781D7783900090D559 /* VenueTests.swift in Sources */ = {isa = PBXBuildFile; fileRef = 1DE354771D7783900090D559 /* VenueTests.swift */; };
		1DE3547C1D778B6E0090D559 /* VenueCell.swift in Sources */ = {isa = PBXBuildFile; fileRef = 1DE3547B1D778B6E0090D559 /* VenueCell.swift */; };
		1DE3547F1D7798970090D559 /* VenueParser.swift in Sources */ = {isa = PBXBuildFile; fileRef = 1DE3547E1D7798970090D559 /* VenueParser.swift */; };
		1DE354821D77A7B50090D559 /* VenueParserTests.swift in Sources */ = {isa = PBXBuildFile; fileRef = 1DE354811D77A7B50090D559 /* VenueParserTests.swift */; };
		1DE354841D782A120090D559 /* FoursquareManagerTests.swift in Sources */ = {isa = PBXBuildFile; fileRef = 1DE354831D782A120090D559 /* FoursquareManagerTests.swift */; };
		1DE354861D783AF90090D559 /* VenueListDataProvider.swift in Sources */ = {isa = PBXBuildFile; fileRef = 1DE354851D783AF90090D559 /* VenueListDataProvider.swift */; };
		F5A7313652D5DF22D9D30D90 /* Pods_Whitbread.framework in Frameworks */ = {isa = PBXBuildFile; fileRef = 4B887DACBA7F23943D45B6CA /* Pods_Whitbread.framework */; };
/* End PBXBuildFile section */

/* Begin PBXContainerItemProxy section */
		1D3C7EE81D77262D0078EBDB /* PBXContainerItemProxy */ = {
			isa = PBXContainerItemProxy;
			containerPortal = 1D3C7ECB1D77262C0078EBDB /* Project object */;
			proxyType = 1;
			remoteGlobalIDString = 1D3C7ED21D77262C0078EBDB;
			remoteInfo = Whitbread;
		};
/* End PBXContainerItemProxy section */

/* Begin PBXFileReference section */
		1D3C7ED31D77262C0078EBDB /* Whitbread.app */ = {isa = PBXFileReference; explicitFileType = wrapper.application; includeInIndex = 0; path = Whitbread.app; sourceTree = BUILT_PRODUCTS_DIR; };
		1D3C7ED61D77262D0078EBDB /* AppDelegate.swift */ = {isa = PBXFileReference; lastKnownFileType = sourcecode.swift; path = AppDelegate.swift; sourceTree = "<group>"; };
		1D3C7ED81D77262D0078EBDB /* ViewController.swift */ = {isa = PBXFileReference; lastKnownFileType = sourcecode.swift; path = ViewController.swift; sourceTree = "<group>"; };
		1D3C7EDB1D77262D0078EBDB /* Base */ = {isa = PBXFileReference; lastKnownFileType = file.storyboard; name = Base; path = Base.lproj/Main.storyboard; sourceTree = "<group>"; };
		1D3C7EDD1D77262D0078EBDB /* Assets.xcassets */ = {isa = PBXFileReference; lastKnownFileType = folder.assetcatalog; path = Assets.xcassets; sourceTree = "<group>"; };
		1D3C7EE01D77262D0078EBDB /* Base */ = {isa = PBXFileReference; lastKnownFileType = file.storyboard; name = Base; path = Base.lproj/LaunchScreen.storyboard; sourceTree = "<group>"; };
		1D3C7EE21D77262D0078EBDB /* Info.plist */ = {isa = PBXFileReference; lastKnownFileType = text.plist.xml; path = Info.plist; sourceTree = "<group>"; };
		1D3C7EE71D77262D0078EBDB /* WhitbreadTests.xctest */ = {isa = PBXFileReference; explicitFileType = wrapper.cfbundle; includeInIndex = 0; path = WhitbreadTests.xctest; sourceTree = BUILT_PRODUCTS_DIR; };
		1D3C7EED1D77262D0078EBDB /* Info.plist */ = {isa = PBXFileReference; lastKnownFileType = text.plist.xml; path = Info.plist; sourceTree = "<group>"; };
		1DE354711D7770BF0090D559 /* FoursquareManager.swift */ = {isa = PBXFileReference; fileEncoding = 4; lastKnownFileType = sourcecode.swift; path = FoursquareManager.swift; sourceTree = "<group>"; };
		1DE354741D777FA40090D559 /* Venue.swift */ = {isa = PBXFileReference; fileEncoding = 4; lastKnownFileType = sourcecode.swift; path = Venue.swift; sourceTree = "<group>"; };
		1DE354771D7783900090D559 /* VenueTests.swift */ = {isa = PBXFileReference; fileEncoding = 4; lastKnownFileType = sourcecode.swift; path = VenueTests.swift; sourceTree = "<group>"; };
		1DE3547B1D778B6E0090D559 /* VenueCell.swift */ = {isa = PBXFileReference; fileEncoding = 4; lastKnownFileType = sourcecode.swift; path = VenueCell.swift; sourceTree = "<group>"; };
		1DE3547E1D7798970090D559 /* VenueParser.swift */ = {isa = PBXFileReference; fileEncoding = 4; lastKnownFileType = sourcecode.swift; path = VenueParser.swift; sourceTree = "<group>"; };
		1DE354811D77A7B50090D559 /* VenueParserTests.swift */ = {isa = PBXFileReference; fileEncoding = 4; lastKnownFileType = sourcecode.swift; path = VenueParserTests.swift; sourceTree = "<group>"; };
		1DE354831D782A120090D559 /* FoursquareManagerTests.swift */ = {isa = PBXFileReference; fileEncoding = 4; lastKnownFileType = sourcecode.swift; path = FoursquareManagerTests.swift; sourceTree = "<group>"; };
		1DE354851D783AF90090D559 /* VenueListDataProvider.swift */ = {isa = PBXFileReference; fileEncoding = 4; lastKnownFileType = sourcecode.swift; path = VenueListDataProvider.swift; sourceTree = "<group>"; };
		4B887DACBA7F23943D45B6CA /* Pods_Whitbread.framework */ = {isa = PBXFileReference; explicitFileType = wrapper.framework; includeInIndex = 0; path = Pods_Whitbread.framework; sourceTree = BUILT_PRODUCTS_DIR; };
		B6B3FE0DD5380E9F96AC57CA /* Pods-Whitbread.debug.xcconfig */ = {isa = PBXFileReference; includeInIndex = 1; lastKnownFileType = text.xcconfig; name = "Pods-Whitbread.debug.xcconfig"; path = "Pods/Target Support Files/Pods-Whitbread/Pods-Whitbread.debug.xcconfig"; sourceTree = "<group>"; };
		F872523E40E09654E2E490DF /* Pods-Whitbread.release.xcconfig */ = {isa = PBXFileReference; includeInIndex = 1; lastKnownFileType = text.xcconfig; name = "Pods-Whitbread.release.xcconfig"; path = "Pods/Target Support Files/Pods-Whitbread/Pods-Whitbread.release.xcconfig"; sourceTree = "<group>"; };
/* End PBXFileReference section */

/* Begin PBXFrameworksBuildPhase section */
		1D3C7ED01D77262C0078EBDB /* Frameworks */ = {
			isa = PBXFrameworksBuildPhase;
			buildActionMask = 2147483647;
			files = (
				F5A7313652D5DF22D9D30D90 /* Pods_Whitbread.framework in Frameworks */,
			);
			runOnlyForDeploymentPostprocessing = 0;
		};
		1D3C7EE41D77262D0078EBDB /* Frameworks */ = {
			isa = PBXFrameworksBuildPhase;
			buildActionMask = 2147483647;
			files = (
			);
			runOnlyForDeploymentPostprocessing = 0;
		};
/* End PBXFrameworksBuildPhase section */

/* Begin PBXGroup section */
		1D3C7ECA1D77262C0078EBDB = {
			isa = PBXGroup;
			children = (
				1D3C7ED51D77262C0078EBDB /* Whitbread */,
				1D3C7EEA1D77262D0078EBDB /* WhitbreadTests */,
				1D3C7ED41D77262C0078EBDB /* Products */,
				CB467D72B14543777169E959 /* Pods */,
				70AC2E0FF6B1691EDCE60444 /* Frameworks */,
			);
			sourceTree = "<group>";
		};
		1D3C7ED41D77262C0078EBDB /* Products */ = {
			isa = PBXGroup;
			children = (
				1D3C7ED31D77262C0078EBDB /* Whitbread.app */,
				1D3C7EE71D77262D0078EBDB /* WhitbreadTests.xctest */,
			);
			name = Products;
			sourceTree = "<group>";
		};
		1D3C7ED51D77262C0078EBDB /* Whitbread */ = {
			isa = PBXGroup;
			children = (
				1DE354731D777F8A0090D559 /* Model */,
				1DE3547A1D778B510090D559 /* View */,
				1DE354791D77853C0090D559 /* Controller */,
				1DE3547D1D778F480090D559 /* Utils */,
				1D3C7ED61D77262D0078EBDB /* AppDelegate.swift */,
				1D3C7EDA1D77262D0078EBDB /* Main.storyboard */,
				1D3C7EDD1D77262D0078EBDB /* Assets.xcassets */,
				1D3C7EDF1D77262D0078EBDB /* LaunchScreen.storyboard */,
				1D3C7EE21D77262D0078EBDB /* Info.plist */,
			);
			path = Whitbread;
			sourceTree = "<group>";
		};
		1D3C7EEA1D77262D0078EBDB /* WhitbreadTests */ = {
			isa = PBXGroup;
			children = (
				1DE354761D7783600090D559 /* Model */,
				1DE354801D77A7880090D559 /* Utils */,
				1D3C7EED1D77262D0078EBDB /* Info.plist */,
			);
			path = WhitbreadTests;
			sourceTree = "<group>";
		};
		1DE354731D777F8A0090D559 /* Model */ = {
			isa = PBXGroup;
			children = (
				1DE354741D777FA40090D559 /* Venue.swift */,
			);
			name = Model;
			sourceTree = "<group>";
		};
		1DE354761D7783600090D559 /* Model */ = {
			isa = PBXGroup;
			children = (
				1DE354771D7783900090D559 /* VenueTests.swift */,
			);
			name = Model;
			sourceTree = "<group>";
		};
		1DE354791D77853C0090D559 /* Controller */ = {
			isa = PBXGroup;
			children = (
				1D3C7ED81D77262D0078EBDB /* ViewController.swift */,
				1DE354851D783AF90090D559 /* VenueListDataProvider.swift */,
			);
			name = Controller;
			sourceTree = "<group>";
		};
		1DE3547A1D778B510090D559 /* View */ = {
			isa = PBXGroup;
			children = (
				1DE3547B1D778B6E0090D559 /* VenueCell.swift */,
			);
			name = View;
			sourceTree = "<group>";
		};
		1DE3547D1D778F480090D559 /* Utils */ = {
			isa = PBXGroup;
			children = (
				1DE354711D7770BF0090D559 /* FoursquareManager.swift */,
				1DE3547E1D7798970090D559 /* VenueParser.swift */,
			);
			name = Utils;
			sourceTree = "<group>";
		};
		1DE354801D77A7880090D559 /* Utils */ = {
			isa = PBXGroup;
			children = (
				1DE354811D77A7B50090D559 /* VenueParserTests.swift */,
				1DE354831D782A120090D559 /* FoursquareManagerTests.swift */,
			);
			name = Utils;
			sourceTree = "<group>";
		};
		70AC2E0FF6B1691EDCE60444 /* Frameworks */ = {
			isa = PBXGroup;
			children = (
				4B887DACBA7F23943D45B6CA /* Pods_Whitbread.framework */,
			);
			name = Frameworks;
			sourceTree = "<group>";
		};
		CB467D72B14543777169E959 /* Pods */ = {
			isa = PBXGroup;
			children = (
				B6B3FE0DD5380E9F96AC57CA /* Pods-Whitbread.debug.xcconfig */,
				F872523E40E09654E2E490DF /* Pods-Whitbread.release.xcconfig */,
			);
			name = Pods;
			sourceTree = "<group>";
		};
/* End PBXGroup section */

/* Begin PBXNativeTarget section */
		1D3C7ED21D77262C0078EBDB /* Whitbread */ = {
			isa = PBXNativeTarget;
			buildConfigurationList = 1D3C7EF01D77262D0078EBDB /* Build configuration list for PBXNativeTarget "Whitbread" */;
			buildPhases = (
				B1AC6A2EC96418C186EAEEF5 /* [CP] Check Pods Manifest.lock */,
				1D3C7ECF1D77262C0078EBDB /* Sources */,
				1D3C7ED01D77262C0078EBDB /* Frameworks */,
				1D3C7ED11D77262C0078EBDB /* Resources */,
				B4CAF4752F9BBAF90A57D4B2 /* [CP] Embed Pods Frameworks */,
				2A350E2F257B300F74653F56 /* [CP] Copy Pods Resources */,
			);
			buildRules = (
			);
			dependencies = (
			);
			name = Whitbread;
			productName = Whitbread;
			productReference = 1D3C7ED31D77262C0078EBDB /* Whitbread.app */;
			productType = "com.apple.product-type.application";
		};
		1D3C7EE61D77262D0078EBDB /* WhitbreadTests */ = {
			isa = PBXNativeTarget;
			buildConfigurationList = 1D3C7EF31D77262D0078EBDB /* Build configuration list for PBXNativeTarget "WhitbreadTests" */;
			buildPhases = (
				1D3C7EE31D77262D0078EBDB /* Sources */,
				1D3C7EE41D77262D0078EBDB /* Frameworks */,
				1D3C7EE51D77262D0078EBDB /* Resources */,
			);
			buildRules = (
			);
			dependencies = (
				1D3C7EE91D77262D0078EBDB /* PBXTargetDependency */,
			);
			name = WhitbreadTests;
			productName = WhitbreadTests;
			productReference = 1D3C7EE71D77262D0078EBDB /* WhitbreadTests.xctest */;
			productType = "com.apple.product-type.bundle.unit-test";
		};
/* End PBXNativeTarget section */

/* Begin PBXProject section */
		1D3C7ECB1D77262C0078EBDB /* Project object */ = {
			isa = PBXProject;
			attributes = {
				LastSwiftUpdateCheck = 0730;
				LastUpgradeCheck = 0730;
				ORGANIZATIONNAME = Antonio.Estrali;
				TargetAttributes = {
					1D3C7ED21D77262C0078EBDB = {
						CreatedOnToolsVersion = 7.3.1;
					};
					1D3C7EE61D77262D0078EBDB = {
						CreatedOnToolsVersion = 7.3.1;
						TestTargetID = 1D3C7ED21D77262C0078EBDB;
					};
				};
			};
			buildConfigurationList = 1D3C7ECE1D77262C0078EBDB /* Build configuration list for PBXProject "Whitbread" */;
			compatibilityVersion = "Xcode 3.2";
			developmentRegion = English;
			hasScannedForEncodings = 0;
			knownRegions = (
				en,
				Base,
			);
			mainGroup = 1D3C7ECA1D77262C0078EBDB;
			productRefGroup = 1D3C7ED41D77262C0078EBDB /* Products */;
			projectDirPath = "";
			projectRoot = "";
			targets = (
				1D3C7ED21D77262C0078EBDB /* Whitbread */,
				1D3C7EE61D77262D0078EBDB /* WhitbreadTests */,
			);
		};
/* End PBXProject section */

/* Begin PBXResourcesBuildPhase section */
		1D3C7ED11D77262C0078EBDB /* Resources */ = {
			isa = PBXResourcesBuildPhase;
			buildActionMask = 2147483647;
			files = (
				1D3C7EE11D77262D0078EBDB /* LaunchScreen.storyboard in Resources */,
				1D3C7EDE1D77262D0078EBDB /* Assets.xcassets in Resources */,
				1D3C7EDC1D77262D0078EBDB /* Main.storyboard in Resources */,
			);
			runOnlyForDeploymentPostprocessing = 0;
		};
		1D3C7EE51D77262D0078EBDB /* Resources */ = {
			isa = PBXResourcesBuildPhase;
			buildActionMask = 2147483647;
			files = (
			);
			runOnlyForDeploymentPostprocessing = 0;
		};
/* End PBXResourcesBuildPhase section */

/* Begin PBXShellScriptBuildPhase section */
		2A350E2F257B300F74653F56 /* [CP] Copy Pods Resources */ = {
			isa = PBXShellScriptBuildPhase;
			buildActionMask = 2147483647;
			files = (
			);
			inputPaths = (
			);
			name = "[CP] Copy Pods Resources";
			outputPaths = (
			);
			runOnlyForDeploymentPostprocessing = 0;
			shellPath = /bin/sh;
			shellScript = "\"${SRCROOT}/Pods/Target Support Files/Pods-Whitbread/Pods-Whitbread-resources.sh\"\n";
			showEnvVarsInLog = 0;
		};
		B1AC6A2EC96418C186EAEEF5 /* [CP] Check Pods Manifest.lock */ = {
			isa = PBXShellScriptBuildPhase;
			buildActionMask = 2147483647;
			files = (
			);
			inputPaths = (
			);
			name = "[CP] Check Pods Manifest.lock";
			outputPaths = (
			);
			runOnlyForDeploymentPostprocessing = 0;
			shellPath = /bin/sh;
			shellScript = "diff \"${PODS_ROOT}/../Podfile.lock\" \"${PODS_ROOT}/Manifest.lock\" > /dev/null\nif [[ $? != 0 ]] ; then\n    cat << EOM\nerror: The sandbox is not in sync with the Podfile.lock. Run 'pod install' or update your CocoaPods installation.\nEOM\n    exit 1\nfi\n";
			showEnvVarsInLog = 0;
		};
		B4CAF4752F9BBAF90A57D4B2 /* [CP] Embed Pods Frameworks */ = {
			isa = PBXShellScriptBuildPhase;
			buildActionMask = 2147483647;
			files = (
			);
			inputPaths = (
			);
			name = "[CP] Embed Pods Frameworks";
			outputPaths = (
			);
			runOnlyForDeploymentPostprocessing = 0;
			shellPath = /bin/sh;
			shellScript = "\"${SRCROOT}/Pods/Target Support Files/Pods-Whitbread/Pods-Whitbread-frameworks.sh\"\n";
			showEnvVarsInLog = 0;
		};
/* End PBXShellScriptBuildPhase section */

/* Begin PBXSourcesBuildPhase section */
		1D3C7ECF1D77262C0078EBDB /* Sources */ = {
			isa = PBXSourcesBuildPhase;
			buildActionMask = 2147483647;
			files = (
				1DE3547F1D7798970090D559 /* VenueParser.swift in Sources */,
				1D3C7ED91D77262D0078EBDB /* ViewController.swift in Sources */,
				1DE354751D777FA40090D559 /* Venue.swift in Sources */,
				1DE354721D7770BF0090D559 /* FoursquareManager.swift in Sources */,
				1D3C7ED71D77262D0078EBDB /* AppDelegate.swift in Sources */,
				1DE354861D783AF90090D559 /* VenueListDataProvider.swift in Sources */,
				1DE3547C1D778B6E0090D559 /* VenueCell.swift in Sources */,
			);
			runOnlyForDeploymentPostprocessing = 0;
		};
		1D3C7EE31D77262D0078EBDB /* Sources */ = {
			isa = PBXSourcesBuildPhase;
			buildActionMask = 2147483647;
			files = (
				1DE354781D7783900090D559 /* VenueTests.swift in Sources */,
				1DE354841D782A120090D559 /* FoursquareManagerTests.swift in Sources */,
				1DE354821D77A7B50090D559 /* VenueParserTests.swift in Sources */,
			);
			runOnlyForDeploymentPostprocessing = 0;
		};
/* End PBXSourcesBuildPhase section */

/* Begin PBXTargetDependency section */
		1D3C7EE91D77262D0078EBDB /* PBXTargetDependency */ = {
			isa = PBXTargetDependency;
			target = 1D3C7ED21D77262C0078EBDB /* Whitbread */;
			targetProxy = 1D3C7EE81D77262D0078EBDB /* PBXContainerItemProxy */;
		};
/* End PBXTargetDependency section */

/* Begin PBXVariantGroup section */
		1D3C7EDA1D77262D0078EBDB /* Main.storyboard */ = {
			isa = PBXVariantGroup;
			children = (
				1D3C7EDB1D77262D0078EBDB /* Base */,
			);
			name = Main.storyboard;
			sourceTree = "<group>";
		};
		1D3C7EDF1D77262D0078EBDB /* LaunchScreen.storyboard */ = {
			isa = PBXVariantGroup;
			children = (
				1D3C7EE01D77262D0078EBDB /* Base */,
			);
			name = LaunchScreen.storyboard;
			sourceTree = "<group>";
		};
/* End PBXVariantGroup section */

/* Begin XCBuildConfiguration section */
		1D3C7EEE1D77262D0078EBDB /* Debug */ = {
			isa = XCBuildConfiguration;
			buildSettings = {
				ALWAYS_SEARCH_USER_PATHS = NO;
				CLANG_ANALYZER_NONNULL = YES;
				CLANG_CXX_LANGUAGE_STANDARD = "gnu++0x";
				CLANG_CXX_LIBRARY = "libc++";
				CLANG_ENABLE_MODULES = YES;
				CLANG_ENABLE_OBJC_ARC = YES;
				CLANG_WARN_BOOL_CONVERSION = YES;
				CLANG_WARN_CONSTANT_CONVERSION = YES;
				CLANG_WARN_DIRECT_OBJC_ISA_USAGE = YES_ERROR;
				CLANG_WARN_EMPTY_BODY = YES;
				CLANG_WARN_ENUM_CONVERSION = YES;
				CLANG_WARN_INT_CONVERSION = YES;
				CLANG_WARN_OBJC_ROOT_CLASS = YES_ERROR;
				CLANG_WARN_UNREACHABLE_CODE = YES;
				CLANG_WARN__DUPLICATE_METHOD_MATCH = YES;
				"CODE_SIGN_IDENTITY[sdk=iphoneos*]" = "iPhone Developer";
				COPY_PHASE_STRIP = NO;
				DEBUG_INFORMATION_FORMAT = dwarf;
				ENABLE_STRICT_OBJC_MSGSEND = YES;
				ENABLE_TESTABILITY = YES;
				GCC_C_LANGUAGE_STANDARD = gnu99;
				GCC_DYNAMIC_NO_PIC = NO;
				GCC_NO_COMMON_BLOCKS = YES;
				GCC_OPTIMIZATION_LEVEL = 0;
				GCC_PREPROCESSOR_DEFINITIONS = (
					"DEBUG=1",
					"$(inherited)",
				);
				GCC_WARN_64_TO_32_BIT_CONVERSION = YES;
				GCC_WARN_ABOUT_RETURN_TYPE = YES_ERROR;
				GCC_WARN_UNDECLARED_SELECTOR = YES;
				GCC_WARN_UNINITIALIZED_AUTOS = YES_AGGRESSIVE;
				GCC_WARN_UNUSED_FUNCTION = YES;
				GCC_WARN_UNUSED_VARIABLE = YES;
				IPHONEOS_DEPLOYMENT_TARGET = 9.3;
				MTL_ENABLE_DEBUG_INFO = YES;
				ONLY_ACTIVE_ARCH = YES;
				SDKROOT = iphoneos;
				SWIFT_OPTIMIZATION_LEVEL = "-Onone";
			};
			name = Debug;
		};
		1D3C7EEF1D77262D0078EBDB /* Release */ = {
			isa = XCBuildConfiguration;
			buildSettings = {
				ALWAYS_SEARCH_USER_PATHS = NO;
				CLANG_ANALYZER_NONNULL = YES;
				CLANG_CXX_LANGUAGE_STANDARD = "gnu++0x";
				CLANG_CXX_LIBRARY = "libc++";
				CLANG_ENABLE_MODULES = YES;
				CLANG_ENABLE_OBJC_ARC = YES;
				CLANG_WARN_BOOL_CONVERSION = YES;
				CLANG_WARN_CONSTANT_CONVERSION = YES;
				CLANG_WARN_DIRECT_OBJC_ISA_USAGE = YES_ERROR;
				CLANG_WARN_EMPTY_BODY = YES;
				CLANG_WARN_ENUM_CONVERSION = YES;
				CLANG_WARN_INT_CONVERSION = YES;
				CLANG_WARN_OBJC_ROOT_CLASS = YES_ERROR;
				CLANG_WARN_UNREACHABLE_CODE = YES;
				CLANG_WARN__DUPLICATE_METHOD_MATCH = YES;
				"CODE_SIGN_IDENTITY[sdk=iphoneos*]" = "iPhone Developer";
				COPY_PHASE_STRIP = NO;
				DEBUG_INFORMATION_FORMAT = "dwarf-with-dsym";
				ENABLE_NS_ASSERTIONS = NO;
				ENABLE_STRICT_OBJC_MSGSEND = YES;
				GCC_C_LANGUAGE_STANDARD = gnu99;
				GCC_NO_COMMON_BLOCKS = YES;
				GCC_WARN_64_TO_32_BIT_CONVERSION = YES;
				GCC_WARN_ABOUT_RETURN_TYPE = YES_ERROR;
				GCC_WARN_UNDECLARED_SELECTOR = YES;
				GCC_WARN_UNINITIALIZED_AUTOS = YES_AGGRESSIVE;
				GCC_WARN_UNUSED_FUNCTION = YES;
				GCC_WARN_UNUSED_VARIABLE = YES;
				IPHONEOS_DEPLOYMENT_TARGET = 9.3;
				MTL_ENABLE_DEBUG_INFO = NO;
				SDKROOT = iphoneos;
				VALIDATE_PRODUCT = YES;
			};
			name = Release;
		};
		1D3C7EF11D77262D0078EBDB /* Debug */ = {
			isa = XCBuildConfiguration;
			baseConfigurationReference = B6B3FE0DD5380E9F96AC57CA /* Pods-Whitbread.debug.xcconfig */;
			buildSettings = {
				ASSETCATALOG_COMPILER_APPICON_NAME = AppIcon;
				INFOPLIST_FILE = Whitbread/Info.plist;
				LD_RUNPATH_SEARCH_PATHS = "$(inherited) @executable_path/Frameworks";
				PRODUCT_BUNDLE_IDENTIFIER = ecnaris.Whitbread;
				PRODUCT_NAME = "$(TARGET_NAME)";
			};
			name = Debug;
		};
		1D3C7EF21D77262D0078EBDB /* Release */ = {
			isa = XCBuildConfiguration;
			baseConfigurationReference = F872523E40E09654E2E490DF /* Pods-Whitbread.release.xcconfig */;
			buildSettings = {
				ASSETCATALOG_COMPILER_APPICON_NAME = AppIcon;
				INFOPLIST_FILE = Whitbread/Info.plist;
				LD_RUNPATH_SEARCH_PATHS = "$(inherited) @executable_path/Frameworks";
				PRODUCT_BUNDLE_IDENTIFIER = ecnaris.Whitbread;
				PRODUCT_NAME = "$(TARGET_NAME)";
			};
			name = Release;
		};
		1D3C7EF41D77262D0078EBDB /* Debug */ = {
			isa = XCBuildConfiguration;
			buildSettings = {
				BUNDLE_LOADER = "$(TEST_HOST)";
				INFOPLIST_FILE = WhitbreadTests/Info.plist;
				LD_RUNPATH_SEARCH_PATHS = "$(inherited) @executable_path/Frameworks @loader_path/Frameworks";
				PRODUCT_BUNDLE_IDENTIFIER = ecnaris.WhitbreadTests;
				PRODUCT_NAME = "$(TARGET_NAME)";
				TEST_HOST = "$(BUILT_PRODUCTS_DIR)/Whitbread.app/Whitbread";
			};
			name = Debug;
		};
		1D3C7EF51D77262D0078EBDB /* Release */ = {
			isa = XCBuildConfiguration;
			buildSettings = {
				BUNDLE_LOADER = "$(TEST_HOST)";
				INFOPLIST_FILE = WhitbreadTests/Info.plist;
				LD_RUNPATH_SEARCH_PATHS = "$(inherited) @executable_path/Frameworks @loader_path/Frameworks";
				PRODUCT_BUNDLE_IDENTIFIER = ecnaris.WhitbreadTests;
				PRODUCT_NAME = "$(TARGET_NAME)";
				TEST_HOST = "$(BUILT_PRODUCTS_DIR)/Whitbread.app/Whitbread";
			};
			name = Release;
		};
/* End XCBuildConfiguration section */

/* Begin XCConfigurationList section */
		1D3C7ECE1D77262C0078EBDB /* Build configuration list for PBXProject "Whitbread" */ = {
			isa = XCConfigurationList;
			buildConfigurations = (
				1D3C7EEE1D77262D0078EBDB /* Debug */,
				1D3C7EEF1D77262D0078EBDB /* Release */,
			);
			defaultConfigurationIsVisible = 0;
			defaultConfigurationName = Release;
		};
		1D3C7EF01D77262D0078EBDB /* Build configuration list for PBXNativeTarget "Whitbread" */ = {
			isa = XCConfigurationList;
			buildConfigurations = (
				1D3C7EF11D77262D0078EBDB /* Debug */,
				1D3C7EF21D77262D0078EBDB /* Release */,
			);
			defaultConfigurationIsVisible = 0;
			defaultConfigurationName = Release;
		};
		1D3C7EF31D77262D0078EBDB /* Build configuration list for PBXNativeTarget "WhitbreadTests" */ = {
			isa = XCConfigurationList;
			buildConfigurations = (
				1D3C7EF41D77262D0078EBDB /* Debug */,
				1D3C7EF51D77262D0078EBDB /* Release */,
			);
			defaultConfigurationIsVisible = 0;
			defaultConfigurationName = Release;
		};
/* End XCConfigurationList section */
	};
	rootObject = 1D3C7ECB1D77262C0078EBDB /* Project object */;
}
